
Microsoft Visual Studio Solution File, Format Version 12.00
# Visual Studio Version 16
VisualStudioVersion = 16.0.31005.135
MinimumVisualStudioVersion = 10.0.40219.1
Project("{9A19103F-16F7-4668-BE54-9A1E7A4F7556}") = "DataAccess", "DataAccess\DataAccess.csproj", "{CC558892-D180-49EF-9223-D0DDAC93C51E}"
EndProject
Project("{9A19103F-16F7-4668-BE54-9A1E7A4F7556}") = "Business", "Business\Business.csproj", "{FEB94264-A88E-40FE-A546-BA637A41278D}"
EndProject
Project("{9A19103F-16F7-4668-BE54-9A1E7A4F7556}") = "Entities", "Entities\Entities.csproj", "{F0C13930-6368-4E28-8D6C-EB3DCBDCAE61}"
EndProject
Project("{9A19103F-16F7-4668-BE54-9A1E7A4F7556}") = "ConsoleUI", "ConsoleUI\ConsoleUI.csproj", "{9CF98EBB-DCB2-4BDF-A12E-A2E07BE659FD}"
EndProject
Project("{9A19103F-16F7-4668-BE54-9A1E7A4F7556}") = "Core", "Core\Core.csproj", "{B3423F01-C653-4CEF-8670-C64A0E55504B}"
EndProject
Project("{FAE04EC0-301F-11D3-BF4B-00C04F79EFBC}") = "WebAPI", "WebAPI\WebAPI.csproj", "{414526E6-20A4-48C3-BE6C-2AECD0782DCF}"
EndProject
Global
	GlobalSection(SolutionConfigurationPlatforms) = preSolution
		Debug|Any CPU = Debug|Any CPU
		Release|Any CPU = Release|Any CPU
	EndGlobalSection
	GlobalSection(ProjectConfigurationPlatforms) = postSolution
		{CC558892-D180-49EF-9223-D0DDAC93C51E}.Debug|Any CPU.ActiveCfg = Debug|Any CPU
		{CC558892-D180-49EF-9223-D0DDAC93C51E}.Debug|Any CPU.Build.0 = Debug|Any CPU
		{CC558892-D180-49EF-9223-D0DDAC93C51E}.Release|Any CPU.ActiveCfg = Release|Any CPU
		{CC558892-D180-49EF-9223-D0DDAC93C51E}.Release|Any CPU.Build.0 = Release|Any CPU
		{FEB94264-A88E-40FE-A546-BA637A41278D}.Debug|Any CPU.ActiveCfg = Debug|Any CPU
		{FEB94264-A88E-40FE-A546-BA637A41278D}.Debug|Any CPU.Build.0 = Debug|Any CPU
		{FEB94264-A88E-40FE-A546-BA637A41278D}.Release|Any CPU.ActiveCfg = Release|Any CPU
		{FEB94264-A88E-40FE-A546-BA637A41278D}.Release|Any CPU.Build.0 = Release|Any CPU
		{F0C13930-6368-4E28-8D6C-EB3DCBDCAE61}.Debug|Any CPU.ActiveCfg = Debug|Any CPU
		{F0C13930-6368-4E28-8D6C-EB3DCBDCAE61}.Debug|Any CPU.Build.0 = Debug|Any CPU
		{F0C13930-6368-4E28-8D6C-EB3DCBDCAE61}.Release|Any CPU.ActiveCfg = Release|Any CPU
		{F0C13930-6368-4E28-8D6C-EB3DCBDCAE61}.Release|Any CPU.Build.0 = Release|Any CPU
		{9CF98EBB-DCB2-4BDF-A12E-A2E07BE659FD}.Debug|Any CPU.ActiveCfg = Debug|Any CPU
		{9CF98EBB-DCB2-4BDF-A12E-A2E07BE659FD}.Debug|Any CPU.Build.0 = Debug|Any CPU
		{9CF98EBB-DCB2-4BDF-A12E-A2E07BE659FD}.Release|Any CPU.ActiveCfg = Release|Any CPU
		{9CF98EBB-DCB2-4BDF-A12E-A2E07BE659FD}.Release|Any CPU.Build.0 = Release|Any CPU
		{B3423F01-C653-4CEF-8670-C64A0E55504B}.Debug|Any CPU.ActiveCfg = Debug|Any CPU
		{B3423F01-C653-4CEF-8670-C64A0E55504B}.Debug|Any CPU.Build.0 = Debug|Any CPU
		{B3423F01-C653-4CEF-8670-C64A0E55504B}.Release|Any CPU.ActiveCfg = Release|Any CPU
		{B3423F01-C653-4CEF-8670-C64A0E55504B}.Release|Any CPU.Build.0 = Release|Any CPU
		{414526E6-20A4-48C3-BE6C-2AECD0782DCF}.Debug|Any CPU.ActiveCfg = Debug|Any CPU
		{414526E6-20A4-48C3-BE6C-2AECD0782DCF}.Debug|Any CPU.Build.0 = Debug|Any CPU
		{414526E6-20A4-48C3-BE6C-2AECD0782DCF}.Release|Any CPU.ActiveCfg = Release|Any CPU
		{414526E6-20A4-48C3-BE6C-2AECD0782DCF}.Release|Any CPU.Build.0 = Release|Any CPU
	EndGlobalSection
	GlobalSection(SolutionProperties) = preSolution
		HideSolutionNode = FALSE
	EndGlobalSection
	GlobalSection(ExtensibilityGlobals) = postSolution
		SolutionGuid = {2674BBD5-E03F-45B1-B3AB-553220688F64}
	EndGlobalSection
EndGlobal
